
Microsoft Visual Studio Solution File, Format Version 12.00
# Visual Studio Version 17
VisualStudioVersion = 17.5.33627.172
MinimumVisualStudioVersion = 10.0.40219.1
Project("{FAE04EC0-301F-11D3-BF4B-00C04F79EFBC}") = "assignment5", "assignment5.csproj", "{B6CE0058-C719-425D-979B-6546337EA216}"
EndProject
Global
	GlobalSection(SolutionConfigurationPlatforms) = preSolution
		Debug|Any CPU = Debug|Any CPU
		Release|Any CPU = Release|Any CPU
	EndGlobalSection
	GlobalSection(ProjectConfigurationPlatforms) = postSolution
		{B6CE0058-C719-425D-979B-6546337EA216}.Debug|Any CPU.ActiveCfg = Debug|Any CPU
		{B6CE0058-C719-425D-979B-6546337EA216}.Debug|Any CPU.Build.0 = Debug|Any CPU
		{B6CE0058-C719-425D-979B-6546337EA216}.Release|Any CPU.ActiveCfg = Release|Any CPU
		{B6CE0058-C719-425D-979B-6546337EA216}.Release|Any CPU.Build.0 = Release|Any CPU
	EndGlobalSection
	GlobalSection(SolutionProperties) = preSolution
		HideSolutionNode = FALSE
	EndGlobalSection
	GlobalSection(ExtensibilityGlobals) = postSolution
		SolutionGuid = {1C85DF63-39A7-4695-85B7-49F43A687511}
	EndGlobalSection
EndGlobal
